
Microsoft Visual Studio Solution File, Format Version 12.00
# Visual Studio Version 17
VisualStudioVersion = 17.1.32421.90
MinimumVisualStudioVersion = 10.0.40219.1
Project("{FAE04EC0-301F-11D3-BF4B-00C04F79EFBC}") = "Linguini.V2", "Linguini.V2\Linguini.V2.csproj", "{77C5B586-8E9F-47B6-B947-DB4ED5D5F954}"
EndProject
Global
	GlobalSection(SolutionConfigurationPlatforms) = preSolution
		Debug|Any CPU = Debug|Any CPU
		Release|Any CPU = Release|Any CPU
	EndGlobalSection
	GlobalSection(ProjectConfigurationPlatforms) = postSolution
		{77C5B586-8E9F-47B6-B947-DB4ED5D5F954}.Debug|Any CPU.ActiveCfg = Debug|Any CPU
		{77C5B586-8E9F-47B6-B947-DB4ED5D5F954}.Debug|Any CPU.Build.0 = Debug|Any CPU
		{77C5B586-8E9F-47B6-B947-DB4ED5D5F954}.Release|Any CPU.ActiveCfg = Release|Any CPU
		{77C5B586-8E9F-47B6-B947-DB4ED5D5F954}.Release|Any CPU.Build.0 = Release|Any CPU
	EndGlobalSection
	GlobalSection(SolutionProperties) = preSolution
		HideSolutionNode = FALSE
	EndGlobalSection
	GlobalSection(ExtensibilityGlobals) = postSolution
		SolutionGuid = {FACAF104-E664-4F61-814A-3F7246039957}
	EndGlobalSection
EndGlobal
